
Microsoft Visual Studio Solution File, Format Version 12.00
# Visual Studio 15
VisualStudioVersion = 15.0.28307.852
MinimumVisualStudioVersion = 10.0.40219.1
Project("{9A19103F-16F7-4668-BE54-9A1E7A4F7556}") = "AWSomeUsingDynamoDbDocumentModel", "AWSomeUsingDynamoDbDocumentModel\AWSomeUsingDynamoDbDocumentModel.csproj", "{4A6FADAD-FD24-4565-968A-8E3500DFB649}"
EndProject
Project("{9A19103F-16F7-4668-BE54-9A1E7A4F7556}") = "AWSomeUsingDynamoDbDocumentModel.Tests", "AWSomeUsingDynamoDbDocumentModel.Tests\AWSomeUsingDynamoDbDocumentModel.Tests.csproj", "{782C9594-AAD4-4F25-8E46-87D6825412AE}"
EndProject
Global
	GlobalSection(SolutionConfigurationPlatforms) = preSolution
		Debug|Any CPU = Debug|Any CPU
		Release|Any CPU = Release|Any CPU
	EndGlobalSection
	GlobalSection(ProjectConfigurationPlatforms) = postSolution
		{4A6FADAD-FD24-4565-968A-8E3500DFB649}.Debug|Any CPU.ActiveCfg = Debug|Any CPU
		{4A6FADAD-FD24-4565-968A-8E3500DFB649}.Debug|Any CPU.Build.0 = Debug|Any CPU
		{4A6FADAD-FD24-4565-968A-8E3500DFB649}.Release|Any CPU.ActiveCfg = Release|Any CPU
		{4A6FADAD-FD24-4565-968A-8E3500DFB649}.Release|Any CPU.Build.0 = Release|Any CPU
		{782C9594-AAD4-4F25-8E46-87D6825412AE}.Debug|Any CPU.ActiveCfg = Debug|Any CPU
		{782C9594-AAD4-4F25-8E46-87D6825412AE}.Debug|Any CPU.Build.0 = Debug|Any CPU
		{782C9594-AAD4-4F25-8E46-87D6825412AE}.Release|Any CPU.ActiveCfg = Release|Any CPU
		{782C9594-AAD4-4F25-8E46-87D6825412AE}.Release|Any CPU.Build.0 = Release|Any CPU
	EndGlobalSection
	GlobalSection(SolutionProperties) = preSolution
		HideSolutionNode = FALSE
	EndGlobalSection
	GlobalSection(ExtensibilityGlobals) = postSolution
		SolutionGuid = {9F727870-9303-401B-A13C-A02B00AED967}
	EndGlobalSection
EndGlobal
